
Microsoft Visual Studio Solution File, Format Version 12.00
# Visual Studio Version 17
VisualStudioVersion = 17.4.33213.308
MinimumVisualStudioVersion = 10.0.40219.1
Project("{FAE04EC0-301F-11D3-BF4B-00C04F79EFBC}") = "Week4Loops", "Week4Loops\Week4Loops.csproj", "{581E9481-3C50-47B9-B2C8-45E92FB5BFDB}"
EndProject
Project("{FAE04EC0-301F-11D3-BF4B-00C04F79EFBC}") = "ForLoopSum", "ForLoopSum\ForLoopSum.csproj", "{F59462B4-79A5-4838-B68D-9A354786107F}"
EndProject
Project("{FAE04EC0-301F-11D3-BF4B-00C04F79EFBC}") = "RandomNumber", "RandomNumber\RandomNumber.csproj", "{15E10CF3-F0CF-4442-B97C-C5152C7AF6EF}"
EndProject
Project("{FAE04EC0-301F-11D3-BF4B-00C04F79EFBC}") = "WhileLoops", "WhileLoops\WhileLoops.csproj", "{24ED271B-943B-41A2-A753-DAE65446FAF0}"
EndProject
Global
	GlobalSection(SolutionConfigurationPlatforms) = preSolution
		Debug|Any CPU = Debug|Any CPU
		Release|Any CPU = Release|Any CPU
	EndGlobalSection
	GlobalSection(ProjectConfigurationPlatforms) = postSolution
		{581E9481-3C50-47B9-B2C8-45E92FB5BFDB}.Debug|Any CPU.ActiveCfg = Debug|Any CPU
		{581E9481-3C50-47B9-B2C8-45E92FB5BFDB}.Debug|Any CPU.Build.0 = Debug|Any CPU
		{581E9481-3C50-47B9-B2C8-45E92FB5BFDB}.Release|Any CPU.ActiveCfg = Release|Any CPU
		{581E9481-3C50-47B9-B2C8-45E92FB5BFDB}.Release|Any CPU.Build.0 = Release|Any CPU
		{F59462B4-79A5-4838-B68D-9A354786107F}.Debug|Any CPU.ActiveCfg = Debug|Any CPU
		{F59462B4-79A5-4838-B68D-9A354786107F}.Debug|Any CPU.Build.0 = Debug|Any CPU
		{F59462B4-79A5-4838-B68D-9A354786107F}.Release|Any CPU.ActiveCfg = Release|Any CPU
		{F59462B4-79A5-4838-B68D-9A354786107F}.Release|Any CPU.Build.0 = Release|Any CPU
		{15E10CF3-F0CF-4442-B97C-C5152C7AF6EF}.Debug|Any CPU.ActiveCfg = Debug|Any CPU
		{15E10CF3-F0CF-4442-B97C-C5152C7AF6EF}.Debug|Any CPU.Build.0 = Debug|Any CPU
		{15E10CF3-F0CF-4442-B97C-C5152C7AF6EF}.Release|Any CPU.ActiveCfg = Release|Any CPU
		{15E10CF3-F0CF-4442-B97C-C5152C7AF6EF}.Release|Any CPU.Build.0 = Release|Any CPU
		{24ED271B-943B-41A2-A753-DAE65446FAF0}.Debug|Any CPU.ActiveCfg = Debug|Any CPU
		{24ED271B-943B-41A2-A753-DAE65446FAF0}.Debug|Any CPU.Build.0 = Debug|Any CPU
		{24ED271B-943B-41A2-A753-DAE65446FAF0}.Release|Any CPU.ActiveCfg = Release|Any CPU
		{24ED271B-943B-41A2-A753-DAE65446FAF0}.Release|Any CPU.Build.0 = Release|Any CPU
	EndGlobalSection
	GlobalSection(SolutionProperties) = preSolution
		HideSolutionNode = FALSE
	EndGlobalSection
	GlobalSection(ExtensibilityGlobals) = postSolution
		SolutionGuid = {386C5BD9-44E6-42F9-9AB3-FAAAF856260D}
	EndGlobalSection
EndGlobal
